// !$*UTF8*$!
{
	archiveVersion = 1;
	classes = {
	};
	objectVersion = 50;
	objects = {

/* Begin PBXBuildFile section */
		075DB1822637C23F008936D1 /* Budgets.swift in Sources */ = {isa = PBXBuildFile; fileRef = 075DB1812637C23F008936D1 /* Budgets.swift */; };
		075DB1882637D0F1008936D1 /* AddBudget.swift in Sources */ = {isa = PBXBuildFile; fileRef = 075DB1872637D0F1008936D1 /* AddBudget.swift */; };
		075DB18B2637D351008936D1 /* InitialView.swift in Sources */ = {isa = PBXBuildFile; fileRef = 075DB18A2637D351008936D1 /* InitialView.swift */; };
		075DB18E2637D3EC008936D1 /* ListView.swift in Sources */ = {isa = PBXBuildFile; fileRef = 075DB18D2637D3EC008936D1 /* ListView.swift */; };
		075DB19526384EF8008936D1 /* BudgetStruct.swift in Sources */ = {isa = PBXBuildFile; fileRef = 075DB19426384EF8008936D1 /* BudgetStruct.swift */; };
		075DB198263850C8008936D1 /* BudgetData.swift in Sources */ = {isa = PBXBuildFile; fileRef = 075DB197263850C8008936D1 /* BudgetData.swift */; };
		075DB19B2638515D008936D1 /* Budget.swift in Sources */ = {isa = PBXBuildFile; fileRef = 075DB19A2638515D008936D1 /* Budget.swift */; };
		075DB19E2638526D008936D1 /* BudgetPhoto.swift in Sources */ = {isa = PBXBuildFile; fileRef = 075DB19D2638526D008936D1 /* BudgetPhoto.swift */; };
		5C46BD86262FBA490052EA29 /* WebView.swift in Sources */ = {isa = PBXBuildFile; fileRef = 5C46BD85262FBA490052EA29 /* WebView.swift */; };
		5C46BD8A262FBA620052EA29 /* UtilityFunctions.swift in Sources */ = {isa = PBXBuildFile; fileRef = 5C46BD89262FBA620052EA29 /* UtilityFunctions.swift */; };
		5C46BD8D262FBA980052EA29 /* SearchResultsEmpty.swift in Sources */ = {isa = PBXBuildFile; fileRef = 5C46BD8C262FBA980052EA29 /* SearchResultsEmpty.swift */; };
		5C46BD90262FBB1A0052EA29 /* NavigationStyle.swift in Sources */ = {isa = PBXBuildFile; fileRef = 5C46BD8F262FBB1A0052EA29 /* NavigationStyle.swift */; };
		5C46BDA4262FC6230052EA29 /* Item.swift in Sources */ = {isa = PBXBuildFile; fileRef = 5C46BDA3262FC6230052EA29 /* Item.swift */; };
		5C46BDA7262FC7750052EA29 /* Photo.swift in Sources */ = {isa = PBXBuildFile; fileRef = 5C46BDA6262FC7750052EA29 /* Photo.swift */; };
		5C46BDAB262FCA590052EA29 /* PhotoCaptureView.swift in Sources */ = {isa = PBXBuildFile; fileRef = 5C46BDAA262FCA590052EA29 /* PhotoCaptureView.swift */; };
		5C46BDAF262FCA700052EA29 /* ImagePicker.swift in Sources */ = {isa = PBXBuildFile; fileRef = 5C46BDAE262FCA700052EA29 /* ImagePicker.swift */; };
		5C46BDB2262FCEBB0052EA29 /* MonimizeItemData.json in Resources */ = {isa = PBXBuildFile; fileRef = 5C46BDB1262FCEBB0052EA29 /* MonimizeItemData.json */; };
		5C46BDB5262FCED40052EA29 /* ItemDataStruct.swift in Sources */ = {isa = PBXBuildFile; fileRef = 5C46BDB4262FCED40052EA29 /* ItemDataStruct.swift */; };
		5C46BDB8262FCEE10052EA29 /* UserData.swift in Sources */ = {isa = PBXBuildFile; fileRef = 5C46BDB7262FCEE10052EA29 /* UserData.swift */; };
		5C46BDBB262FCEF00052EA29 /* MonimizeItemDataDataData.swift in Sources */ = {isa = PBXBuildFile; fileRef = 5C46BDBA262FCEF00052EA29 /* MonimizeItemDataDataData.swift */; };
		5C46BDBE262FD4320052EA29 /* CurrentLocation.swift in Sources */ = {isa = PBXBuildFile; fileRef = 5C46BDBD262FD4320052EA29 /* CurrentLocation.swift */; };
		5C46BDC32634ECFA0052EA29 /* testItemList.swift in Sources */ = {isa = PBXBuildFile; fileRef = 5C46BDC22634ECFA0052EA29 /* testItemList.swift */; };
		5C46BDC72634ED050052EA29 /* TestItemItem.swift in Sources */ = {isa = PBXBuildFile; fileRef = 5C46BDC62634ED050052EA29 /* TestItemItem.swift */; };
		5C46BDCA2634ED0F0052EA29 /* TestItemDetails.swift in Sources */ = {isa = PBXBuildFile; fileRef = 5C46BDC92634ED0F0052EA29 /* TestItemDetails.swift */; };
		5C46BDCD263510F20052EA29 /* NationalParkApiData.swift in Sources */ = {isa = PBXBuildFile; fileRef = 5C46BDCC263510F20052EA29 /* NationalParkApiData.swift */; };
		5C46BDD02635148F0052EA29 /* ParkStruct.swift in Sources */ = {isa = PBXBuildFile; fileRef = 5C46BDCF2635148F0052EA29 /* ParkStruct.swift */; };
		5C46BDD32635361F0052EA29 /* MainSearchPage.swift in Sources */ = {isa = PBXBuildFile; fileRef = 5C46BDD22635361F0052EA29 /* MainSearchPage.swift */; };
		5C46BDD9263537930052EA29 /* FindNationalParkPage.swift in Sources */ = {isa = PBXBuildFile; fileRef = 5C46BDD8263537930052EA29 /* FindNationalParkPage.swift */; };
		5C46BDDC26353D570052EA29 /* ParkSearchResultsList.swift in Sources */ = {isa = PBXBuildFile; fileRef = 5C46BDDB26353D570052EA29 /* ParkSearchResultsList.swift */; };
		5C46BDDF26353DEE0052EA29 /* ParkItem.swift in Sources */ = {isa = PBXBuildFile; fileRef = 5C46BDDE26353DEE0052EA29 /* ParkItem.swift */; };
		5C46BDE226353DF90052EA29 /* ParkDetails.swift in Sources */ = {isa = PBXBuildFile; fileRef = 5C46BDE126353DF90052EA29 /* ParkDetails.swift */; };
		5C46BDE52635424B0052EA29 /* MapView.swift in Sources */ = {isa = PBXBuildFile; fileRef = 5C46BDE42635424B0052EA29 /* MapView.swift */; };
		5C46BDE826361E350052EA29 /* TmdbAPI.swift in Sources */ = {isa = PBXBuildFile; fileRef = 5C46BDE726361E350052EA29 /* TmdbAPI.swift */; };
		5C46BDEB26361E6E0052EA29 /* OmdbAPI.swift in Sources */ = {isa = PBXBuildFile; fileRef = 5C46BDEA26361E6E0052EA29 /* OmdbAPI.swift */; };
		5C46BDEE26361EDD0052EA29 /* MovieStruct.swift in Sources */ = {isa = PBXBuildFile; fileRef = 5C46BDED26361EDD0052EA29 /* MovieStruct.swift */; };
		5C46BDF22636202D0052EA29 /* MovieList.swift in Sources */ = {isa = PBXBuildFile; fileRef = 5C46BDF12636202D0052EA29 /* MovieList.swift */; };
		5C46BDF5263620350052EA29 /* MovieItem.swift in Sources */ = {isa = PBXBuildFile; fileRef = 5C46BDF4263620350052EA29 /* MovieItem.swift */; };
		5C46BDF8263620420052EA29 /* MovieDetails.swift in Sources */ = {isa = PBXBuildFile; fileRef = 5C46BDF7263620420052EA29 /* MovieDetails.swift */; };
		5C46BDFB263621060052EA29 /* CharacterList.swift in Sources */ = {isa = PBXBuildFile; fileRef = 5C46BDFA263621060052EA29 /* CharacterList.swift */; };
		5C46BDFE263621110052EA29 /* CharacterItem.swift in Sources */ = {isa = PBXBuildFile; fileRef = 5C46BDFD263621110052EA29 /* CharacterItem.swift */; };
		5C46BE0126362E710052EA29 /* AddMovie.swift in Sources */ = {isa = PBXBuildFile; fileRef = 5C46BE0026362E710052EA29 /* AddMovie.swift */; };
		5C46BE05263651BA0052EA29 /* SavingTest.json in Resources */ = {isa = PBXBuildFile; fileRef = 5C46BE04263651BA0052EA29 /* SavingTest.json */; };
		5C46BE08263651D40052EA29 /* SavingStruct.swift in Sources */ = {isa = PBXBuildFile; fileRef = 5C46BE07263651D40052EA29 /* SavingStruct.swift */; };
		5C46BE0F263652310052EA29 /* SvaingPlanList.swift in Sources */ = {isa = PBXBuildFile; fileRef = 5C46BE0A263652310052EA29 /* SvaingPlanList.swift */; };
		5C46BE10263652310052EA29 /* SavingListItem.swift in Sources */ = {isa = PBXBuildFile; fileRef = 5C46BE0B263652310052EA29 /* SavingListItem.swift */; };
		5C46BE11263652310052EA29 /* AddMoney.swift in Sources */ = {isa = PBXBuildFile; fileRef = 5C46BE0C263652310052EA29 /* AddMoney.swift */; };
		5C46BE12263652310052EA29 /* SavingDetails.swift in Sources */ = {isa = PBXBuildFile; fileRef = 5C46BE0D263652310052EA29 /* SavingDetails.swift */; };
		5C46BE13263652310052EA29 /* AddSavingPlan.swift in Sources */ = {isa = PBXBuildFile; fileRef = 5C46BE0E263652310052EA29 /* AddSavingPlan.swift */; };
		5C46BE162636529D0052EA29 /* SavingItem.swift in Sources */ = {isa = PBXBuildFile; fileRef = 5C46BE152636529D0052EA29 /* SavingItem.swift */; };
		5C46BE1E263652BC0052EA29 /* SavingPhoto.swift in Sources */ = {isa = PBXBuildFile; fileRef = 5C46BE1D263652BC0052EA29 /* SavingPhoto.swift */; };
		5C46BE21263652E20052EA29 /* CircleProgressBar.swift in Sources */ = {isa = PBXBuildFile; fileRef = 5C46BE20263652E20052EA29 /* CircleProgressBar.swift */; };
		5C5C5F0826377D8F00A31426 /* NewsStruct.swift in Sources */ = {isa = PBXBuildFile; fileRef = 5C5C5F0726377D8F00A31426 /* NewsStruct.swift */; };
		5C5C5F0B26377E4100A31426 /* NewsApiData.swift in Sources */ = {isa = PBXBuildFile; fileRef = 5C5C5F0A26377E4100A31426 /* NewsApiData.swift */; };
		5C5C5F12263786D800A31426 /* NewsList.swift in Sources */ = {isa = PBXBuildFile; fileRef = 5C5C5F11263786D800A31426 /* NewsList.swift */; };
		5C5C5F15263786E200A31426 /* NewsItem.swift in Sources */ = {isa = PBXBuildFile; fileRef = 5C5C5F14263786E200A31426 /* NewsItem.swift */; };
		5C5C5F18263786EB00A31426 /* NewsDetails.swift in Sources */ = {isa = PBXBuildFile; fileRef = 5C5C5F17263786EB00A31426 /* NewsDetails.swift */; };
		5C5C5F2D2637915800A31426 /* Monimize.xcdatamodeld in Sources */ = {isa = PBXBuildFile; fileRef = 5C5C5F2B2637915800A31426 /* Monimize.xcdatamodeld */; };
		5C9758BD263769FE00EAF28F /* GadgetMainPage.swift in Sources */ = {isa = PBXBuildFile; fileRef = 5C9758BC263769FE00EAF28F /* GadgetMainPage.swift */; };
		5C9758C026376A1700EAF28F /* QRCodePage.swift in Sources */ = {isa = PBXBuildFile; fileRef = 5C9758BF26376A1700EAF28F /* QRCodePage.swift */; };
		5C9758C626376A3200EAF28F /* CurrencyConverterPage.swift in Sources */ = {isa = PBXBuildFile; fileRef = 5C9758C526376A3200EAF28F /* CurrencyConverterPage.swift */; };
		5C9758D026376E1700EAF28F /* BarcodeScanner.swift in Sources */ = {isa = PBXBuildFile; fileRef = 5C9758CF26376E1700EAF28F /* BarcodeScanner.swift */; };
		5C9758D426376E2700EAF28F /* ScanviewControl.swift in Sources */ = {isa = PBXBuildFile; fileRef = 5C9758D326376E2700EAF28F /* ScanviewControl.swift */; };
		5C9758D726376E3600EAF28F /* ScanFocusRegion.swift in Sources */ = {isa = PBXBuildFile; fileRef = 5C9758D626376E3600EAF28F /* ScanFocusRegion.swift */; };
		5C9758E52637706E00EAF28F /* FlashlightButton.swift in Sources */ = {isa = PBXBuildFile; fileRef = 5C9758E42637706E00EAF28F /* FlashlightButton.swift */; };
		5C9758E82637707D00EAF28F /* FlashlightButtonView.swift in Sources */ = {isa = PBXBuildFile; fileRef = 5C9758E72637707D00EAF28F /* FlashlightButtonView.swift */; };
		5C9758EB2637711500EAF28F /* CurrencyApiData.swift in Sources */ = {isa = PBXBuildFile; fileRef = 5C9758EA2637711500EAF28F /* CurrencyApiData.swift */; };
		5CBA6E42262D151F009B29F7 /* AppDelegate.swift in Sources */ = {isa = PBXBuildFile; fileRef = 5CBA6E41262D151F009B29F7 /* AppDelegate.swift */; };
		5CBA6E44262D151F009B29F7 /* SceneDelegate.swift in Sources */ = {isa = PBXBuildFile; fileRef = 5CBA6E43262D151F009B29F7 /* SceneDelegate.swift */; };
		5CBA6E46262D151F009B29F7 /* ContentView.swift in Sources */ = {isa = PBXBuildFile; fileRef = 5CBA6E45262D151F009B29F7 /* ContentView.swift */; };
		5CBA6E4B262D1520009B29F7 /* Assets.xcassets in Resources */ = {isa = PBXBuildFile; fileRef = 5CBA6E4A262D1520009B29F7 /* Assets.xcassets */; };
		5CBA6E4E262D1520009B29F7 /* Preview Assets.xcassets in Resources */ = {isa = PBXBuildFile; fileRef = 5CBA6E4D262D1520009B29F7 /* Preview Assets.xcassets */; };
		5CBA6E51262D1520009B29F7 /* LaunchScreen.storyboard in Resources */ = {isa = PBXBuildFile; fileRef = 5CBA6E4F262D1520009B29F7 /* LaunchScreen.storyboard */; };
/* End PBXBuildFile section */

/* Begin PBXFileReference section */
		075DB1812637C23F008936D1 /* Budgets.swift */ = {isa = PBXFileReference; lastKnownFileType = sourcecode.swift; path = Budgets.swift; sourceTree = "<group>"; };
		075DB1872637D0F1008936D1 /* AddBudget.swift */ = {isa = PBXFileReference; lastKnownFileType = sourcecode.swift; path = AddBudget.swift; sourceTree = "<group>"; };
		075DB18A2637D351008936D1 /* InitialView.swift */ = {isa = PBXFileReference; lastKnownFileType = sourcecode.swift; path = InitialView.swift; sourceTree = "<group>"; };
		075DB18D2637D3EC008936D1 /* ListView.swift */ = {isa = PBXFileReference; lastKnownFileType = sourcecode.swift; path = ListView.swift; sourceTree = "<group>"; };
		075DB19426384EF8008936D1 /* BudgetStruct.swift */ = {isa = PBXFileReference; lastKnownFileType = sourcecode.swift; path = BudgetStruct.swift; sourceTree = "<group>"; };
		075DB197263850C8008936D1 /* BudgetData.swift */ = {isa = PBXFileReference; lastKnownFileType = sourcecode.swift; path = BudgetData.swift; sourceTree = "<group>"; };
		075DB19A2638515D008936D1 /* Budget.swift */ = {isa = PBXFileReference; lastKnownFileType = sourcecode.swift; path = Budget.swift; sourceTree = "<group>"; };
		075DB19D2638526D008936D1 /* BudgetPhoto.swift */ = {isa = PBXFileReference; lastKnownFileType = sourcecode.swift; path = BudgetPhoto.swift; sourceTree = "<group>"; };
		5C46BD85262FBA490052EA29 /* WebView.swift */ = {isa = PBXFileReference; lastKnownFileType = sourcecode.swift; path = WebView.swift; sourceTree = "<group>"; };
		5C46BD89262FBA620052EA29 /* UtilityFunctions.swift */ = {isa = PBXFileReference; lastKnownFileType = sourcecode.swift; path = UtilityFunctions.swift; sourceTree = "<group>"; };
		5C46BD8C262FBA980052EA29 /* SearchResultsEmpty.swift */ = {isa = PBXFileReference; lastKnownFileType = sourcecode.swift; path = SearchResultsEmpty.swift; sourceTree = "<group>"; };
		5C46BD8F262FBB1A0052EA29 /* NavigationStyle.swift */ = {isa = PBXFileReference; lastKnownFileType = sourcecode.swift; path = NavigationStyle.swift; sourceTree = "<group>"; };
		5C46BDA3262FC6230052EA29 /* Item.swift */ = {isa = PBXFileReference; lastKnownFileType = sourcecode.swift; path = Item.swift; sourceTree = "<group>"; };
		5C46BDA6262FC7750052EA29 /* Photo.swift */ = {isa = PBXFileReference; lastKnownFileType = sourcecode.swift; path = Photo.swift; sourceTree = "<group>"; };
		5C46BDAA262FCA590052EA29 /* PhotoCaptureView.swift */ = {isa = PBXFileReference; lastKnownFileType = sourcecode.swift; path = PhotoCaptureView.swift; sourceTree = "<group>"; };
		5C46BDAE262FCA700052EA29 /* ImagePicker.swift */ = {isa = PBXFileReference; lastKnownFileType = sourcecode.swift; path = ImagePicker.swift; sourceTree = "<group>"; };
		5C46BDB1262FCEBB0052EA29 /* MonimizeItemData.json */ = {isa = PBXFileReference; fileEncoding = 4; lastKnownFileType = text.json; path = MonimizeItemData.json; sourceTree = "<group>"; };
		5C46BDB4262FCED40052EA29 /* ItemDataStruct.swift */ = {isa = PBXFileReference; lastKnownFileType = sourcecode.swift; path = ItemDataStruct.swift; sourceTree = "<group>"; };
		5C46BDB7262FCEE10052EA29 /* UserData.swift */ = {isa = PBXFileReference; lastKnownFileType = sourcecode.swift; path = UserData.swift; sourceTree = "<group>"; };
		5C46BDBA262FCEF00052EA29 /* MonimizeItemDataDataData.swift */ = {isa = PBXFileReference; lastKnownFileType = sourcecode.swift; path = MonimizeItemDataDataData.swift; sourceTree = "<group>"; };
		5C46BDBD262FD4320052EA29 /* CurrentLocation.swift */ = {isa = PBXFileReference; lastKnownFileType = sourcecode.swift; path = CurrentLocation.swift; sourceTree = "<group>"; };
		5C46BDC22634ECFA0052EA29 /* testItemList.swift */ = {isa = PBXFileReference; lastKnownFileType = sourcecode.swift; path = testItemList.swift; sourceTree = "<group>"; };
		5C46BDC62634ED050052EA29 /* TestItemItem.swift */ = {isa = PBXFileReference; lastKnownFileType = sourcecode.swift; path = TestItemItem.swift; sourceTree = "<group>"; };
		5C46BDC92634ED0F0052EA29 /* TestItemDetails.swift */ = {isa = PBXFileReference; lastKnownFileType = sourcecode.swift; path = TestItemDetails.swift; sourceTree = "<group>"; };
		5C46BDCC263510F20052EA29 /* NationalParkApiData.swift */ = {isa = PBXFileReference; lastKnownFileType = sourcecode.swift; path = NationalParkApiData.swift; sourceTree = "<group>"; };
		5C46BDCF2635148F0052EA29 /* ParkStruct.swift */ = {isa = PBXFileReference; lastKnownFileType = sourcecode.swift; path = ParkStruct.swift; sourceTree = "<group>"; };
		5C46BDD22635361F0052EA29 /* MainSearchPage.swift */ = {isa = PBXFileReference; lastKnownFileType = sourcecode.swift; path = MainSearchPage.swift; sourceTree = "<group>"; };
		5C46BDD8263537930052EA29 /* FindNationalParkPage.swift */ = {isa = PBXFileReference; lastKnownFileType = sourcecode.swift; path = FindNationalParkPage.swift; sourceTree = "<group>"; };
		5C46BDDB26353D570052EA29 /* ParkSearchResultsList.swift */ = {isa = PBXFileReference; lastKnownFileType = sourcecode.swift; path = ParkSearchResultsList.swift; sourceTree = "<group>"; };
		5C46BDDE26353DEE0052EA29 /* ParkItem.swift */ = {isa = PBXFileReference; lastKnownFileType = sourcecode.swift; path = ParkItem.swift; sourceTree = "<group>"; };
		5C46BDE126353DF90052EA29 /* ParkDetails.swift */ = {isa = PBXFileReference; lastKnownFileType = sourcecode.swift; path = ParkDetails.swift; sourceTree = "<group>"; };
		5C46BDE42635424B0052EA29 /* MapView.swift */ = {isa = PBXFileReference; lastKnownFileType = sourcecode.swift; path = MapView.swift; sourceTree = "<group>"; };
		5C46BDE726361E350052EA29 /* TmdbAPI.swift */ = {isa = PBXFileReference; lastKnownFileType = sourcecode.swift; path = TmdbAPI.swift; sourceTree = "<group>"; };
		5C46BDEA26361E6E0052EA29 /* OmdbAPI.swift */ = {isa = PBXFileReference; lastKnownFileType = sourcecode.swift; path = OmdbAPI.swift; sourceTree = "<group>"; };
		5C46BDED26361EDD0052EA29 /* MovieStruct.swift */ = {isa = PBXFileReference; lastKnownFileType = sourcecode.swift; path = MovieStruct.swift; sourceTree = "<group>"; };
		5C46BDF12636202D0052EA29 /* MovieList.swift */ = {isa = PBXFileReference; lastKnownFileType = sourcecode.swift; path = MovieList.swift; sourceTree = "<group>"; };
		5C46BDF4263620350052EA29 /* MovieItem.swift */ = {isa = PBXFileReference; lastKnownFileType = sourcecode.swift; path = MovieItem.swift; sourceTree = "<group>"; };
		5C46BDF7263620420052EA29 /* MovieDetails.swift */ = {isa = PBXFileReference; lastKnownFileType = sourcecode.swift; path = MovieDetails.swift; sourceTree = "<group>"; };
		5C46BDFA263621060052EA29 /* CharacterList.swift */ = {isa = PBXFileReference; lastKnownFileType = sourcecode.swift; path = CharacterList.swift; sourceTree = "<group>"; };
		5C46BDFD263621110052EA29 /* CharacterItem.swift */ = {isa = PBXFileReference; lastKnownFileType = sourcecode.swift; path = CharacterItem.swift; sourceTree = "<group>"; };
		5C46BE0026362E710052EA29 /* AddMovie.swift */ = {isa = PBXFileReference; lastKnownFileType = sourcecode.swift; path = AddMovie.swift; sourceTree = "<group>"; };
		5C46BE04263651BA0052EA29 /* SavingTest.json */ = {isa = PBXFileReference; fileEncoding = 4; lastKnownFileType = text.json; path = SavingTest.json; sourceTree = "<group>"; };
		5C46BE07263651D40052EA29 /* SavingStruct.swift */ = {isa = PBXFileReference; fileEncoding = 4; lastKnownFileType = sourcecode.swift; path = SavingStruct.swift; sourceTree = "<group>"; };
		5C46BE0A263652310052EA29 /* SvaingPlanList.swift */ = {isa = PBXFileReference; fileEncoding = 4; lastKnownFileType = sourcecode.swift; path = SvaingPlanList.swift; sourceTree = "<group>"; };
		5C46BE0B263652310052EA29 /* SavingListItem.swift */ = {isa = PBXFileReference; fileEncoding = 4; lastKnownFileType = sourcecode.swift; path = SavingListItem.swift; sourceTree = "<group>"; };
		5C46BE0C263652310052EA29 /* AddMoney.swift */ = {isa = PBXFileReference; fileEncoding = 4; lastKnownFileType = sourcecode.swift; path = AddMoney.swift; sourceTree = "<group>"; };
		5C46BE0D263652310052EA29 /* SavingDetails.swift */ = {isa = PBXFileReference; fileEncoding = 4; lastKnownFileType = sourcecode.swift; path = SavingDetails.swift; sourceTree = "<group>"; };
		5C46BE0E263652310052EA29 /* AddSavingPlan.swift */ = {isa = PBXFileReference; fileEncoding = 4; lastKnownFileType = sourcecode.swift; path = AddSavingPlan.swift; sourceTree = "<group>"; };
		5C46BE152636529D0052EA29 /* SavingItem.swift */ = {isa = PBXFileReference; fileEncoding = 4; lastKnownFileType = sourcecode.swift; path = SavingItem.swift; sourceTree = "<group>"; };
		5C46BE1D263652BC0052EA29 /* SavingPhoto.swift */ = {isa = PBXFileReference; fileEncoding = 4; lastKnownFileType = sourcecode.swift; path = SavingPhoto.swift; sourceTree = "<group>"; };
		5C46BE20263652E20052EA29 /* CircleProgressBar.swift */ = {isa = PBXFileReference; fileEncoding = 4; lastKnownFileType = sourcecode.swift; path = CircleProgressBar.swift; sourceTree = "<group>"; };
		5C5C5F0726377D8F00A31426 /* NewsStruct.swift */ = {isa = PBXFileReference; lastKnownFileType = sourcecode.swift; path = NewsStruct.swift; sourceTree = "<group>"; };
		5C5C5F0A26377E4100A31426 /* NewsApiData.swift */ = {isa = PBXFileReference; lastKnownFileType = sourcecode.swift; path = NewsApiData.swift; sourceTree = "<group>"; };
		5C5C5F11263786D800A31426 /* NewsList.swift */ = {isa = PBXFileReference; lastKnownFileType = sourcecode.swift; path = NewsList.swift; sourceTree = "<group>"; };
		5C5C5F14263786E200A31426 /* NewsItem.swift */ = {isa = PBXFileReference; lastKnownFileType = sourcecode.swift; path = NewsItem.swift; sourceTree = "<group>"; };
		5C5C5F17263786EB00A31426 /* NewsDetails.swift */ = {isa = PBXFileReference; lastKnownFileType = sourcecode.swift; path = NewsDetails.swift; sourceTree = "<group>"; };
		5C5C5F2C2637915800A31426 /* Monimize.xcdatamodel */ = {isa = PBXFileReference; lastKnownFileType = wrapper.xcdatamodel; path = Monimize.xcdatamodel; sourceTree = "<group>"; };
		5C9758BC263769FE00EAF28F /* GadgetMainPage.swift */ = {isa = PBXFileReference; lastKnownFileType = sourcecode.swift; path = GadgetMainPage.swift; sourceTree = "<group>"; };
		5C9758BF26376A1700EAF28F /* QRCodePage.swift */ = {isa = PBXFileReference; lastKnownFileType = sourcecode.swift; path = QRCodePage.swift; sourceTree = "<group>"; };
		5C9758C526376A3200EAF28F /* CurrencyConverterPage.swift */ = {isa = PBXFileReference; lastKnownFileType = sourcecode.swift; path = CurrencyConverterPage.swift; sourceTree = "<group>"; };
		5C9758CF26376E1700EAF28F /* BarcodeScanner.swift */ = {isa = PBXFileReference; lastKnownFileType = sourcecode.swift; path = BarcodeScanner.swift; sourceTree = "<group>"; };
		5C9758D326376E2700EAF28F /* ScanviewControl.swift */ = {isa = PBXFileReference; lastKnownFileType = sourcecode.swift; path = ScanviewControl.swift; sourceTree = "<group>"; };
		5C9758D626376E3600EAF28F /* ScanFocusRegion.swift */ = {isa = PBXFileReference; lastKnownFileType = sourcecode.swift; path = ScanFocusRegion.swift; sourceTree = "<group>"; };
		5C9758E42637706E00EAF28F /* FlashlightButton.swift */ = {isa = PBXFileReference; fileEncoding = 4; lastKnownFileType = sourcecode.swift; path = FlashlightButton.swift; sourceTree = "<group>"; };
		5C9758E72637707D00EAF28F /* FlashlightButtonView.swift */ = {isa = PBXFileReference; fileEncoding = 4; lastKnownFileType = sourcecode.swift; path = FlashlightButtonView.swift; sourceTree = "<group>"; };
		5C9758EA2637711500EAF28F /* CurrencyApiData.swift */ = {isa = PBXFileReference; fileEncoding = 4; lastKnownFileType = sourcecode.swift; path = CurrencyApiData.swift; sourceTree = "<group>"; };
		5CBA6E3E262D151F009B29F7 /* Monimize.app */ = {isa = PBXFileReference; explicitFileType = wrapper.application; includeInIndex = 0; path = Monimize.app; sourceTree = BUILT_PRODUCTS_DIR; };
		5CBA6E41262D151F009B29F7 /* AppDelegate.swift */ = {isa = PBXFileReference; lastKnownFileType = sourcecode.swift; path = AppDelegate.swift; sourceTree = "<group>"; };
		5CBA6E43262D151F009B29F7 /* SceneDelegate.swift */ = {isa = PBXFileReference; lastKnownFileType = sourcecode.swift; path = SceneDelegate.swift; sourceTree = "<group>"; };
		5CBA6E45262D151F009B29F7 /* ContentView.swift */ = {isa = PBXFileReference; lastKnownFileType = sourcecode.swift; path = ContentView.swift; sourceTree = "<group>"; };
		5CBA6E4A262D1520009B29F7 /* Assets.xcassets */ = {isa = PBXFileReference; lastKnownFileType = folder.assetcatalog; path = Assets.xcassets; sourceTree = "<group>"; };
		5CBA6E4D262D1520009B29F7 /* Preview Assets.xcassets */ = {isa = PBXFileReference; lastKnownFileType = folder.assetcatalog; path = "Preview Assets.xcassets"; sourceTree = "<group>"; };
		5CBA6E50262D1520009B29F7 /* Base */ = {isa = PBXFileReference; lastKnownFileType = file.storyboard; name = Base; path = Base.lproj/LaunchScreen.storyboard; sourceTree = "<group>"; };
		5CBA6E52262D1520009B29F7 /* Info.plist */ = {isa = PBXFileReference; lastKnownFileType = text.plist.xml; path = Info.plist; sourceTree = "<group>"; };
/* End PBXFileReference section */

/* Begin PBXFrameworksBuildPhase section */
		5CBA6E3B262D151F009B29F7 /* Frameworks */ = {
			isa = PBXFrameworksBuildPhase;
			buildActionMask = 2147483647;
			files = (
			);
			runOnlyForDeploymentPostprocessing = 0;
		};
/* End PBXFrameworksBuildPhase section */

/* Begin PBXGroup section */
		0729871A263076AA0078FF8B /* Tab Views */ = {
			isa = PBXGroup;
			children = (
				5C46BDC12634ECE00052EA29 /* TestBar */,
				07298720263077140078FF8B /* Recreation */,
				0729871F263077090078FF8B /* Gadgets */,
				0729871E263077000078FF8B /* Home */,
				0729871B263076C30078FF8B /* Saving Plan */,
			);
			path = "Tab Views";
			sourceTree = "<group>";
		};
		0729871B263076C30078FF8B /* Saving Plan */ = {
			isa = PBXGroup;
			children = (
				5C46BE0C263652310052EA29 /* AddMoney.swift */,
				5C46BE0E263652310052EA29 /* AddSavingPlan.swift */,
				5C46BE0D263652310052EA29 /* SavingDetails.swift */,
				5C46BE0B263652310052EA29 /* SavingListItem.swift */,
				5C46BE0A263652310052EA29 /* SvaingPlanList.swift */,
			);
			name = "Saving Plan";
			sourceTree = "<group>";
		};
		0729871E263077000078FF8B /* Home */ = {
			isa = PBXGroup;
			children = (
				075DB1812637C23F008936D1 /* Budgets.swift */,
				075DB18A2637D351008936D1 /* InitialView.swift */,
				075DB18D2637D3EC008936D1 /* ListView.swift */,
				075DB1872637D0F1008936D1 /* AddBudget.swift */,
			);
			name = Home;
			sourceTree = "<group>";
		};
		0729871F263077090078FF8B /* Gadgets */ = {
			isa = PBXGroup;
			children = (
				5C9758BC263769FE00EAF28F /* GadgetMainPage.swift */,
				5C9758BF26376A1700EAF28F /* QRCodePage.swift */,
				5C9758C526376A3200EAF28F /* CurrencyConverterPage.swift */,
			);
			name = Gadgets;
			sourceTree = "<group>";
		};
		07298720263077140078FF8B /* Recreation */ = {
			isa = PBXGroup;
			children = (
				5C46BDD22635361F0052EA29 /* MainSearchPage.swift */,
				5C46BDD8263537930052EA29 /* FindNationalParkPage.swift */,
				5C46BDDB26353D570052EA29 /* ParkSearchResultsList.swift */,
				5C46BDDE26353DEE0052EA29 /* ParkItem.swift */,
				5C46BDE126353DF90052EA29 /* ParkDetails.swift */,
				5C46BDF12636202D0052EA29 /* MovieList.swift */,
				5C46BDF4263620350052EA29 /* MovieItem.swift */,
				5C46BDF7263620420052EA29 /* MovieDetails.swift */,
				5C46BDFA263621060052EA29 /* CharacterList.swift */,
				5C46BDFD263621110052EA29 /* CharacterItem.swift */,
				5C46BE0026362E710052EA29 /* AddMovie.swift */,
				5C5C5F11263786D800A31426 /* NewsList.swift */,
				5C5C5F14263786E200A31426 /* NewsItem.swift */,
				5C5C5F17263786EB00A31426 /* NewsDetails.swift */,
			);
			name = Recreation;
			sourceTree = "<group>";
		};
		5C46BD82262FB9FE0052EA29 /* CoreData Model */ = {
			isa = PBXGroup;
			children = (
				5C5C5F2B2637915800A31426 /* Monimize.xcdatamodeld */,
				5C46BDA3262FC6230052EA29 /* Item.swift */,
				5C46BDA6262FC7750052EA29 /* Photo.swift */,
				5C46BE1D263652BC0052EA29 /* SavingPhoto.swift */,
				5C46BE152636529D0052EA29 /* SavingItem.swift */,
				075DB19A2638515D008936D1 /* Budget.swift */,
				075DB19D2638526D008936D1 /* BudgetPhoto.swift */,
			);
			path = "CoreData Model";
			sourceTree = "<group>";
		};
		5C46BD83262FBA0D0052EA29 /* Delegates */ = {
			isa = PBXGroup;
			children = (
				5CBA6E43262D151F009B29F7 /* SceneDelegate.swift */,
				5CBA6E41262D151F009B29F7 /* AppDelegate.swift */,
			);
			path = Delegates;
			sourceTree = "<group>";
		};
		5C46BD84262FBA230052EA29 /* Supporting Files */ = {
			isa = PBXGroup;
			children = (
				5C46BD85262FBA490052EA29 /* WebView.swift */,
				5C46BD89262FBA620052EA29 /* UtilityFunctions.swift */,
				5C46BD8C262FBA980052EA29 /* SearchResultsEmpty.swift */,
				5C46BD8F262FBB1A0052EA29 /* NavigationStyle.swift */,
				5C46BDBD262FD4320052EA29 /* CurrentLocation.swift */,
				5C46BE20263652E20052EA29 /* CircleProgressBar.swift */,
				5C46BDE42635424B0052EA29 /* MapView.swift */,
			);
			path = "Supporting Files";
			sourceTree = "<group>";
		};
		5C46BD98262FBBED0052EA29 /* API Data */ = {
			isa = PBXGroup;
			children = (
				5C9758EA2637711500EAF28F /* CurrencyApiData.swift */,
				5C46BDCC263510F20052EA29 /* NationalParkApiData.swift */,
				5C46BDE726361E350052EA29 /* TmdbAPI.swift */,
				5C46BDEA26361E6E0052EA29 /* OmdbAPI.swift */,
				5C5C5F0A26377E4100A31426 /* NewsApiData.swift */,
			);
			name = "API Data";
			path = "Monimize/API Data";
			sourceTree = SOURCE_ROOT;
		};
		5C46BD99262FBC210052EA29 /* Data Models */ = {
			isa = PBXGroup;
			children = (
				5C46BE04263651BA0052EA29 /* SavingTest.json */,
				5C46BDB1262FCEBB0052EA29 /* MonimizeItemData.json */,
				5C46BDB4262FCED40052EA29 /* ItemDataStruct.swift */,
				5C46BDB7262FCEE10052EA29 /* UserData.swift */,
				5C46BDBA262FCEF00052EA29 /* MonimizeItemDataDataData.swift */,
				5C46BDCF2635148F0052EA29 /* ParkStruct.swift */,
				5C46BDED26361EDD0052EA29 /* MovieStruct.swift */,
				5C46BE07263651D40052EA29 /* SavingStruct.swift */,
				5C5C5F0726377D8F00A31426 /* NewsStruct.swift */,
				075DB19426384EF8008936D1 /* BudgetStruct.swift */,
				075DB197263850C8008936D1 /* BudgetData.swift */,
			);
			path = "Data Models";
			sourceTree = "<group>";
		};
		5C46BDA9262FCA470052EA29 /* Take or Pick Photo */ = {
			isa = PBXGroup;
			children = (
				5C46BDAA262FCA590052EA29 /* PhotoCaptureView.swift */,
				5C46BDAE262FCA700052EA29 /* ImagePicker.swift */,
			);
			path = "Take or Pick Photo";
			sourceTree = "<group>";
		};
		5C46BDC12634ECE00052EA29 /* TestBar */ = {
			isa = PBXGroup;
			children = (
				5C46BDC22634ECFA0052EA29 /* testItemList.swift */,
				5C46BDC62634ED050052EA29 /* TestItemItem.swift */,
				5C46BDC92634ED0F0052EA29 /* TestItemDetails.swift */,
			);
			name = TestBar;
			sourceTree = "<group>";
		};
		5C9758CE26376DFD00EAF28F /* Barcodes */ = {
			isa = PBXGroup;
			children = (
				5C9758CF26376E1700EAF28F /* BarcodeScanner.swift */,
				5C9758D326376E2700EAF28F /* ScanviewControl.swift */,
				5C9758D626376E3600EAF28F /* ScanFocusRegion.swift */,
			);
			path = Barcodes;
			sourceTree = "<group>";
		};
		5C9758E32637704600EAF28F /* Flashlight */ = {
			isa = PBXGroup;
			children = (
				5C9758E42637706E00EAF28F /* FlashlightButton.swift */,
				5C9758E72637707D00EAF28F /* FlashlightButtonView.swift */,
			);
			path = Flashlight;
			sourceTree = "<group>";
		};
		5CBA6E35262D151F009B29F7 = {
			isa = PBXGroup;
			children = (
				5CBA6E40262D151F009B29F7 /* Monimize */,
				5CBA6E3F262D151F009B29F7 /* Products */,
			);
			sourceTree = "<group>";
		};
		5CBA6E3F262D151F009B29F7 /* Products */ = {
			isa = PBXGroup;
			children = (
				5CBA6E3E262D151F009B29F7 /* Monimize.app */,
			);
			name = Products;
			sourceTree = "<group>";
		};
		5CBA6E40262D151F009B29F7 /* Monimize */ = {
			isa = PBXGroup;
			children = (
				5C9758E32637704600EAF28F /* Flashlight */,
				5C9758CE26376DFD00EAF28F /* Barcodes */,
				5C46BDA9262FCA470052EA29 /* Take or Pick Photo */,
				5C46BD83262FBA0D0052EA29 /* Delegates */,
				5C46BD98262FBBED0052EA29 /* API Data */,
				5C46BD84262FBA230052EA29 /* Supporting Files */,
				5C46BD82262FB9FE0052EA29 /* CoreData Model */,
				5C46BD99262FBC210052EA29 /* Data Models */,
				5CBA6E45262D151F009B29F7 /* ContentView.swift */,
				0729871A263076AA0078FF8B /* Tab Views */,
				5CBA6E4A262D1520009B29F7 /* Assets.xcassets */,
				5CBA6E4F262D1520009B29F7 /* LaunchScreen.storyboard */,
				5CBA6E52262D1520009B29F7 /* Info.plist */,
				5CBA6E4C262D1520009B29F7 /* Preview Content */,
			);
			path = Monimize;
			sourceTree = "<group>";
		};
		5CBA6E4C262D1520009B29F7 /* Preview Content */ = {
			isa = PBXGroup;
			children = (
				5CBA6E4D262D1520009B29F7 /* Preview Assets.xcassets */,
			);
			path = "Preview Content";
			sourceTree = "<group>";
		};
/* End PBXGroup section */

/* Begin PBXNativeTarget section */
		5CBA6E3D262D151F009B29F7 /* Monimize */ = {
			isa = PBXNativeTarget;
			buildConfigurationList = 5CBA6E55262D1520009B29F7 /* Build configuration list for PBXNativeTarget "Monimize" */;
			buildPhases = (
				5CBA6E3A262D151F009B29F7 /* Sources */,
				5CBA6E3B262D151F009B29F7 /* Frameworks */,
				5CBA6E3C262D151F009B29F7 /* Resources */,
			);
			buildRules = (
			);
			dependencies = (
			);
			name = Monimize;
			productName = Monimize;
			productReference = 5CBA6E3E262D151F009B29F7 /* Monimize.app */;
			productType = "com.apple.product-type.application";
		};
/* End PBXNativeTarget section */

/* Begin PBXProject section */
		5CBA6E36262D151F009B29F7 /* Project object */ = {
			isa = PBXProject;
			attributes = {
				LastSwiftUpdateCheck = 1230;
				LastUpgradeCheck = 1230;
				TargetAttributes = {
					5CBA6E3D262D151F009B29F7 = {
						CreatedOnToolsVersion = 12.3;
					};
				};
			};
			buildConfigurationList = 5CBA6E39262D151F009B29F7 /* Build configuration list for PBXProject "Monimize" */;
			compatibilityVersion = "Xcode 9.3";
			developmentRegion = en;
			hasScannedForEncodings = 0;
			knownRegions = (
				en,
				Base,
			);
			mainGroup = 5CBA6E35262D151F009B29F7;
			productRefGroup = 5CBA6E3F262D151F009B29F7 /* Products */;
			projectDirPath = "";
			projectRoot = "";
			targets = (
				5CBA6E3D262D151F009B29F7 /* Monimize */,
			);
		};
/* End PBXProject section */

/* Begin PBXResourcesBuildPhase section */
		5CBA6E3C262D151F009B29F7 /* Resources */ = {
			isa = PBXResourcesBuildPhase;
			buildActionMask = 2147483647;
			files = (
				5C46BE05263651BA0052EA29 /* SavingTest.json in Resources */,
				5CBA6E51262D1520009B29F7 /* LaunchScreen.storyboard in Resources */,
				5CBA6E4E262D1520009B29F7 /* Preview Assets.xcassets in Resources */,
				5C46BDB2262FCEBB0052EA29 /* MonimizeItemData.json in Resources */,
				5CBA6E4B262D1520009B29F7 /* Assets.xcassets in Resources */,
			);
			runOnlyForDeploymentPostprocessing = 0;
		};
/* End PBXResourcesBuildPhase section */

/* Begin PBXSourcesBuildPhase section */
		5CBA6E3A262D151F009B29F7 /* Sources */ = {
			isa = PBXSourcesBuildPhase;
			buildActionMask = 2147483647;
			files = (
				5C9758D026376E1700EAF28F /* BarcodeScanner.swift in Sources */,
				5C46BD8D262FBA980052EA29 /* SearchResultsEmpty.swift in Sources */,
				5C46BDF8263620420052EA29 /* MovieDetails.swift in Sources */,
				5C46BDA4262FC6230052EA29 /* Item.swift in Sources */,
				5C9758D426376E2700EAF28F /* ScanviewControl.swift in Sources */,
				5C46BDB8262FCEE10052EA29 /* UserData.swift in Sources */,
				5C46BE21263652E20052EA29 /* CircleProgressBar.swift in Sources */,
				5C5C5F0B26377E4100A31426 /* NewsApiData.swift in Sources */,
				5C46BDEB26361E6E0052EA29 /* OmdbAPI.swift in Sources */,
				5C46BDFE263621110052EA29 /* CharacterItem.swift in Sources */,
				5C46BD90262FBB1A0052EA29 /* NavigationStyle.swift in Sources */,
				5C46BDF22636202D0052EA29 /* MovieList.swift in Sources */,
				5C5C5F2D2637915800A31426 /* Monimize.xcdatamodeld in Sources */,
				075DB19526384EF8008936D1 /* BudgetStruct.swift in Sources */,
				5C46BE0F263652310052EA29 /* SvaingPlanList.swift in Sources */,
				5C46BE10263652310052EA29 /* SavingListItem.swift in Sources */,
				075DB18B2637D351008936D1 /* InitialView.swift in Sources */,
				5C9758D726376E3600EAF28F /* ScanFocusRegion.swift in Sources */,
				075DB18E2637D3EC008936D1 /* ListView.swift in Sources */,
				5C9758BD263769FE00EAF28F /* GadgetMainPage.swift in Sources */,
				075DB19B2638515D008936D1 /* Budget.swift in Sources */,
				5C46BDDF26353DEE0052EA29 /* ParkItem.swift in Sources */,
				5C46BE08263651D40052EA29 /* SavingStruct.swift in Sources */,
				5C46BD8A262FBA620052EA29 /* UtilityFunctions.swift in Sources */,
				5C46BDE826361E350052EA29 /* TmdbAPI.swift in Sources */,
				5C46BDD02635148F0052EA29 /* ParkStruct.swift in Sources */,
				5C46BDE226353DF90052EA29 /* ParkDetails.swift in Sources */,
				5C9758EB2637711500EAF28F /* CurrencyApiData.swift in Sources */,
				5C46BDBB262FCEF00052EA29 /* MonimizeItemDataDataData.swift in Sources */,
				5C46BE12263652310052EA29 /* SavingDetails.swift in Sources */,
				5C5C5F12263786D800A31426 /* NewsList.swift in Sources */,
				5C46BDA7262FC7750052EA29 /* Photo.swift in Sources */,
				5C9758C026376A1700EAF28F /* QRCodePage.swift in Sources */,
				5C46BDD32635361F0052EA29 /* MainSearchPage.swift in Sources */,
				5C46BDD9263537930052EA29 /* FindNationalParkPage.swift in Sources */,
				5C46BE1E263652BC0052EA29 /* SavingPhoto.swift in Sources */,
				5C46BDC72634ED050052EA29 /* TestItemItem.swift in Sources */,
				5C46BDE52635424B0052EA29 /* MapView.swift in Sources */,
				5C46BDF5263620350052EA29 /* MovieItem.swift in Sources */,
				5C46BDEE26361EDD0052EA29 /* MovieStruct.swift in Sources */,
				5C46BE11263652310052EA29 /* AddMoney.swift in Sources */,
				075DB1882637D0F1008936D1 /* AddBudget.swift in Sources */,
				5C46BE13263652310052EA29 /* AddSavingPlan.swift in Sources */,
				5C5C5F0826377D8F00A31426 /* NewsStruct.swift in Sources */,
				5C46BDCA2634ED0F0052EA29 /* TestItemDetails.swift in Sources */,
				5C46BDFB263621060052EA29 /* CharacterList.swift in Sources */,
				075DB19E2638526D008936D1 /* BudgetPhoto.swift in Sources */,
				5C9758C626376A3200EAF28F /* CurrencyConverterPage.swift in Sources */,
				5C46BDDC26353D570052EA29 /* ParkSearchResultsList.swift in Sources */,
				5C46BDAB262FCA590052EA29 /* PhotoCaptureView.swift in Sources */,
				5C46BDCD263510F20052EA29 /* NationalParkApiData.swift in Sources */,
				5C46BE0126362E710052EA29 /* AddMovie.swift in Sources */,
				075DB1822637C23F008936D1 /* Budgets.swift in Sources */,
				5C5C5F18263786EB00A31426 /* NewsDetails.swift in Sources */,
				5C46BE162636529D0052EA29 /* SavingItem.swift in Sources */,
				5C46BDB5262FCED40052EA29 /* ItemDataStruct.swift in Sources */,
				5CBA6E42262D151F009B29F7 /* AppDelegate.swift in Sources */,
				5C46BD86262FBA490052EA29 /* WebView.swift in Sources */,
				5C46BDC32634ECFA0052EA29 /* testItemList.swift in Sources */,
				5C46BDBE262FD4320052EA29 /* CurrentLocation.swift in Sources */,
				5C9758E82637707D00EAF28F /* FlashlightButtonView.swift in Sources */,
				5C46BDAF262FCA700052EA29 /* ImagePicker.swift in Sources */,
				5C9758E52637706E00EAF28F /* FlashlightButton.swift in Sources */,
				5C5C5F15263786E200A31426 /* NewsItem.swift in Sources */,
				075DB198263850C8008936D1 /* BudgetData.swift in Sources */,
				5CBA6E44262D151F009B29F7 /* SceneDelegate.swift in Sources */,
				5CBA6E46262D151F009B29F7 /* ContentView.swift in Sources */,
			);
			runOnlyForDeploymentPostprocessing = 0;
		};
/* End PBXSourcesBuildPhase section */

/* Begin PBXVariantGroup section */
		5CBA6E4F262D1520009B29F7 /* LaunchScreen.storyboard */ = {
			isa = PBXVariantGroup;
			children = (
				5CBA6E50262D1520009B29F7 /* Base */,
			);
			name = LaunchScreen.storyboard;
			sourceTree = "<group>";
		};
/* End PBXVariantGroup section */

/* Begin XCBuildConfiguration section */
		5CBA6E53262D1520009B29F7 /* Debug */ = {
			isa = XCBuildConfiguration;
			buildSettings = {
				ALWAYS_SEARCH_USER_PATHS = NO;
				CLANG_ANALYZER_NONNULL = YES;
				CLANG_ANALYZER_NUMBER_OBJECT_CONVERSION = YES_AGGRESSIVE;
				CLANG_CXX_LANGUAGE_STANDARD = "gnu++14";
				CLANG_CXX_LIBRARY = "libc++";
				CLANG_ENABLE_MODULES = YES;
				CLANG_ENABLE_OBJC_ARC = YES;
				CLANG_ENABLE_OBJC_WEAK = YES;
				CLANG_WARN_BLOCK_CAPTURE_AUTORELEASING = YES;
				CLANG_WARN_BOOL_CONVERSION = YES;
				CLANG_WARN_COMMA = YES;
				CLANG_WARN_CONSTANT_CONVERSION = YES;
				CLANG_WARN_DEPRECATED_OBJC_IMPLEMENTATIONS = YES;
				CLANG_WARN_DIRECT_OBJC_ISA_USAGE = YES_ERROR;
				CLANG_WARN_DOCUMENTATION_COMMENTS = YES;
				CLANG_WARN_EMPTY_BODY = YES;
				CLANG_WARN_ENUM_CONVERSION = YES;
				CLANG_WARN_INFINITE_RECURSION = YES;
				CLANG_WARN_INT_CONVERSION = YES;
				CLANG_WARN_NON_LITERAL_NULL_CONVERSION = YES;
				CLANG_WARN_OBJC_IMPLICIT_RETAIN_SELF = YES;
				CLANG_WARN_OBJC_LITERAL_CONVERSION = YES;
				CLANG_WARN_OBJC_ROOT_CLASS = YES_ERROR;
				CLANG_WARN_QUOTED_INCLUDE_IN_FRAMEWORK_HEADER = YES;
				CLANG_WARN_RANGE_LOOP_ANALYSIS = YES;
				CLANG_WARN_STRICT_PROTOTYPES = YES;
				CLANG_WARN_SUSPICIOUS_MOVE = YES;
				CLANG_WARN_UNGUARDED_AVAILABILITY = YES_AGGRESSIVE;
				CLANG_WARN_UNREACHABLE_CODE = YES;
				CLANG_WARN__DUPLICATE_METHOD_MATCH = YES;
				COPY_PHASE_STRIP = NO;
				DEBUG_INFORMATION_FORMAT = dwarf;
				ENABLE_STRICT_OBJC_MSGSEND = YES;
				ENABLE_TESTABILITY = YES;
				GCC_C_LANGUAGE_STANDARD = gnu11;
				GCC_DYNAMIC_NO_PIC = NO;
				GCC_NO_COMMON_BLOCKS = YES;
				GCC_OPTIMIZATION_LEVEL = 0;
				GCC_PREPROCESSOR_DEFINITIONS = (
					"DEBUG=1",
					"$(inherited)",
				);
				GCC_WARN_64_TO_32_BIT_CONVERSION = YES;
				GCC_WARN_ABOUT_RETURN_TYPE = YES_ERROR;
				GCC_WARN_UNDECLARED_SELECTOR = YES;
				GCC_WARN_UNINITIALIZED_AUTOS = YES_AGGRESSIVE;
				GCC_WARN_UNUSED_FUNCTION = YES;
				GCC_WARN_UNUSED_VARIABLE = YES;
				IPHONEOS_DEPLOYMENT_TARGET = 14.3;
				MTL_ENABLE_DEBUG_INFO = INCLUDE_SOURCE;
				MTL_FAST_MATH = YES;
				ONLY_ACTIVE_ARCH = YES;
				SDKROOT = iphoneos;
				SWIFT_ACTIVE_COMPILATION_CONDITIONS = DEBUG;
				SWIFT_OPTIMIZATION_LEVEL = "-Onone";
			};
			name = Debug;
		};
		5CBA6E54262D1520009B29F7 /* Release */ = {
			isa = XCBuildConfiguration;
			buildSettings = {
				ALWAYS_SEARCH_USER_PATHS = NO;
				CLANG_ANALYZER_NONNULL = YES;
				CLANG_ANALYZER_NUMBER_OBJECT_CONVERSION = YES_AGGRESSIVE;
				CLANG_CXX_LANGUAGE_STANDARD = "gnu++14";
				CLANG_CXX_LIBRARY = "libc++";
				CLANG_ENABLE_MODULES = YES;
				CLANG_ENABLE_OBJC_ARC = YES;
				CLANG_ENABLE_OBJC_WEAK = YES;
				CLANG_WARN_BLOCK_CAPTURE_AUTORELEASING = YES;
				CLANG_WARN_BOOL_CONVERSION = YES;
				CLANG_WARN_COMMA = YES;
				CLANG_WARN_CONSTANT_CONVERSION = YES;
				CLANG_WARN_DEPRECATED_OBJC_IMPLEMENTATIONS = YES;
				CLANG_WARN_DIRECT_OBJC_ISA_USAGE = YES_ERROR;
				CLANG_WARN_DOCUMENTATION_COMMENTS = YES;
				CLANG_WARN_EMPTY_BODY = YES;
				CLANG_WARN_ENUM_CONVERSION = YES;
				CLANG_WARN_INFINITE_RECURSION = YES;
				CLANG_WARN_INT_CONVERSION = YES;
				CLANG_WARN_NON_LITERAL_NULL_CONVERSION = YES;
				CLANG_WARN_OBJC_IMPLICIT_RETAIN_SELF = YES;
				CLANG_WARN_OBJC_LITERAL_CONVERSION = YES;
				CLANG_WARN_OBJC_ROOT_CLASS = YES_ERROR;
				CLANG_WARN_QUOTED_INCLUDE_IN_FRAMEWORK_HEADER = YES;
				CLANG_WARN_RANGE_LOOP_ANALYSIS = YES;
				CLANG_WARN_STRICT_PROTOTYPES = YES;
				CLANG_WARN_SUSPICIOUS_MOVE = YES;
				CLANG_WARN_UNGUARDED_AVAILABILITY = YES_AGGRESSIVE;
				CLANG_WARN_UNREACHABLE_CODE = YES;
				CLANG_WARN__DUPLICATE_METHOD_MATCH = YES;
				COPY_PHASE_STRIP = NO;
				DEBUG_INFORMATION_FORMAT = "dwarf-with-dsym";
				ENABLE_NS_ASSERTIONS = NO;
				ENABLE_STRICT_OBJC_MSGSEND = YES;
				GCC_C_LANGUAGE_STANDARD = gnu11;
				GCC_NO_COMMON_BLOCKS = YES;
				GCC_WARN_64_TO_32_BIT_CONVERSION = YES;
				GCC_WARN_ABOUT_RETURN_TYPE = YES_ERROR;
				GCC_WARN_UNDECLARED_SELECTOR = YES;
				GCC_WARN_UNINITIALIZED_AUTOS = YES_AGGRESSIVE;
				GCC_WARN_UNUSED_FUNCTION = YES;
				GCC_WARN_UNUSED_VARIABLE = YES;
				IPHONEOS_DEPLOYMENT_TARGET = 14.3;
				MTL_ENABLE_DEBUG_INFO = NO;
				MTL_FAST_MATH = YES;
				SDKROOT = iphoneos;
				SWIFT_COMPILATION_MODE = wholemodule;
				SWIFT_OPTIMIZATION_LEVEL = "-O";
				VALIDATE_PRODUCT = YES;
			};
			name = Release;
		};
		5CBA6E56262D1520009B29F7 /* Debug */ = {
			isa = XCBuildConfiguration;
			buildSettings = {
				ASSETCATALOG_COMPILER_APPICON_NAME = AppIcon;
				ASSETCATALOG_COMPILER_GLOBAL_ACCENT_COLOR_NAME = AccentColor;
				CODE_SIGN_STYLE = Automatic;
				DEVELOPMENT_ASSET_PATHS = "\"Monimize/Preview Content\"";
				DEVELOPMENT_TEAM = MW72GGU2YX;
				ENABLE_PREVIEWS = YES;
				INFOPLIST_FILE = Monimize/Info.plist;
				LD_RUNPATH_SEARCH_PATHS = (
					"$(inherited)",
					"@executable_path/Frameworks",
				);
				PRODUCT_BUNDLE_IDENTIFIER = com.zihaoli.Monimize;
				PRODUCT_NAME = "$(TARGET_NAME)";
				SWIFT_VERSION = 5.0;
				TARGETED_DEVICE_FAMILY = "1,2";
			};
			name = Debug;
		};
		5CBA6E57262D1520009B29F7 /* Release */ = {
			isa = XCBuildConfiguration;
			buildSettings = {
				ASSETCATALOG_COMPILER_APPICON_NAME = AppIcon;
				ASSETCATALOG_COMPILER_GLOBAL_ACCENT_COLOR_NAME = AccentColor;
				CODE_SIGN_STYLE = Automatic;
				DEVELOPMENT_ASSET_PATHS = "\"Monimize/Preview Content\"";
				DEVELOPMENT_TEAM = MW72GGU2YX;
				ENABLE_PREVIEWS = YES;
				INFOPLIST_FILE = Monimize/Info.plist;
				LD_RUNPATH_SEARCH_PATHS = (
					"$(inherited)",
					"@executable_path/Frameworks",
				);
				PRODUCT_BUNDLE_IDENTIFIER = com.zihaoli.Monimize;
				PRODUCT_NAME = "$(TARGET_NAME)";
				SWIFT_VERSION = 5.0;
				TARGETED_DEVICE_FAMILY = "1,2";
			};
			name = Release;
		};
/* End XCBuildConfiguration section */

/* Begin XCConfigurationList section */
		5CBA6E39262D151F009B29F7 /* Build configuration list for PBXProject "Monimize" */ = {
			isa = XCConfigurationList;
			buildConfigurations = (
				5CBA6E53262D1520009B29F7 /* Debug */,
				5CBA6E54262D1520009B29F7 /* Release */,
			);
			defaultConfigurationIsVisible = 0;
			defaultConfigurationName = Release;
		};
		5CBA6E55262D1520009B29F7 /* Build configuration list for PBXNativeTarget "Monimize" */ = {
			isa = XCConfigurationList;
			buildConfigurations = (
				5CBA6E56262D1520009B29F7 /* Debug */,
				5CBA6E57262D1520009B29F7 /* Release */,
			);
			defaultConfigurationIsVisible = 0;
			defaultConfigurationName = Release;
		};
/* End XCConfigurationList section */

/* Begin XCVersionGroup section */
		5C5C5F2B2637915800A31426 /* Monimize.xcdatamodeld */ = {
			isa = XCVersionGroup;
			children = (
				5C5C5F2C2637915800A31426 /* Monimize.xcdatamodel */,
			);
			currentVersion = 5C5C5F2C2637915800A31426 /* Monimize.xcdatamodel */;
			path = Monimize.xcdatamodeld;
			sourceTree = "<group>";
			versionGroupType = wrapper.xcdatamodel;
		};
/* End XCVersionGroup section */
	};
	rootObject = 5CBA6E36262D151F009B29F7 /* Project object */;
}
